
Microsoft Visual Studio Solution File, Format Version 12.00
# Visual Studio Version 16
VisualStudioVersion = 16.0.30114.105
MinimumVisualStudioVersion = 10.0.40219.1
Project("{FAE04EC0-301F-11D3-BF4B-00C04F79EFBC}") = "LocalartsAPI", "LocalartsAPI.csproj", "{1A204086-9339-4295-9B34-785247D61FC8}"
EndProject
Global
	GlobalSection(SolutionConfigurationPlatforms) = preSolution
		Debug|Any CPU = Debug|Any CPU
		Release|Any CPU = Release|Any CPU
	EndGlobalSection
	GlobalSection(ProjectConfigurationPlatforms) = postSolution
		{1A204086-9339-4295-9B34-785247D61FC8}.Debug|Any CPU.ActiveCfg = Debug|Any CPU
		{1A204086-9339-4295-9B34-785247D61FC8}.Debug|Any CPU.Build.0 = Debug|Any CPU
		{1A204086-9339-4295-9B34-785247D61FC8}.Release|Any CPU.ActiveCfg = Release|Any CPU
		{1A204086-9339-4295-9B34-785247D61FC8}.Release|Any CPU.Build.0 = Release|Any CPU
	EndGlobalSection
	GlobalSection(SolutionProperties) = preSolution
		HideSolutionNode = FALSE
	EndGlobalSection
	GlobalSection(ExtensibilityGlobals) = postSolution
		SolutionGuid = {0A398A41-E18F-4367-AA9F-8B708E0F634D}
	EndGlobalSection
EndGlobal
